
Microsoft Visual Studio Solution File, Format Version 12.00
# Visual Studio Version 16
VisualStudioVersion = 16.0.29519.181
MinimumVisualStudioVersion = 10.0.40219.1
Project("{FAE04EC0-301F-11D3-BF4B-00C04F79EFBC}") = "CoreTwitterBot", "CoreTwitterBot\CoreTwitterBot.csproj", "{1D38D8BE-5437-404A-A0A2-40A5119DD13C}"
EndProject
Global
	GlobalSection(SolutionConfigurationPlatforms) = preSolution
		Debug|Any CPU = Debug|Any CPU
		Release|Any CPU = Release|Any CPU
	EndGlobalSection
	GlobalSection(ProjectConfigurationPlatforms) = postSolution
		{1D38D8BE-5437-404A-A0A2-40A5119DD13C}.Debug|Any CPU.ActiveCfg = Debug|Any CPU
		{1D38D8BE-5437-404A-A0A2-40A5119DD13C}.Debug|Any CPU.Build.0 = Debug|Any CPU
		{1D38D8BE-5437-404A-A0A2-40A5119DD13C}.Release|Any CPU.ActiveCfg = Release|Any CPU
		{1D38D8BE-5437-404A-A0A2-40A5119DD13C}.Release|Any CPU.Build.0 = Release|Any CPU
	EndGlobalSection
	GlobalSection(SolutionProperties) = preSolution
		HideSolutionNode = FALSE
	EndGlobalSection
	GlobalSection(ExtensibilityGlobals) = postSolution
		SolutionGuid = {718DD7A2-96EF-454A-A3C1-974124E72BB6}
	EndGlobalSection
EndGlobal
